
Microsoft Visual Studio Solution File, Format Version 12.00
# Visual Studio Version 16
VisualStudioVersion = 16.0.31205.134
MinimumVisualStudioVersion = 10.0.40219.1
Project("{FAE04EC0-301F-11D3-BF4B-00C04F79EFBC}") = "WebApiMETAS", "WebApiMETAS\WebApiMETAS.csproj", "{F2825679-9FD4-4E94-86E5-79535D7F0090}"
EndProject
Project("{FAE04EC0-301F-11D3-BF4B-00C04F79EFBC}") = "WebAppMeta", "WebAppMeta\WebAppMeta.csproj", "{391375D9-76BD-4027-AEAC-429ADD4DA1BB}"
EndProject
Global
	GlobalSection(SolutionConfigurationPlatforms) = preSolution
		Debug|Any CPU = Debug|Any CPU
		Release|Any CPU = Release|Any CPU
	EndGlobalSection
	GlobalSection(ProjectConfigurationPlatforms) = postSolution
		{F2825679-9FD4-4E94-86E5-79535D7F0090}.Debug|Any CPU.ActiveCfg = Debug|Any CPU
		{F2825679-9FD4-4E94-86E5-79535D7F0090}.Debug|Any CPU.Build.0 = Debug|Any CPU
		{F2825679-9FD4-4E94-86E5-79535D7F0090}.Release|Any CPU.ActiveCfg = Release|Any CPU
		{F2825679-9FD4-4E94-86E5-79535D7F0090}.Release|Any CPU.Build.0 = Release|Any CPU
		{391375D9-76BD-4027-AEAC-429ADD4DA1BB}.Debug|Any CPU.ActiveCfg = Debug|Any CPU
		{391375D9-76BD-4027-AEAC-429ADD4DA1BB}.Debug|Any CPU.Build.0 = Debug|Any CPU
		{391375D9-76BD-4027-AEAC-429ADD4DA1BB}.Release|Any CPU.ActiveCfg = Release|Any CPU
		{391375D9-76BD-4027-AEAC-429ADD4DA1BB}.Release|Any CPU.Build.0 = Release|Any CPU
	EndGlobalSection
	GlobalSection(SolutionProperties) = preSolution
		HideSolutionNode = FALSE
	EndGlobalSection
	GlobalSection(ExtensibilityGlobals) = postSolution
		SolutionGuid = {2B0D43B9-692A-49AE-ADC9-0D82D6396F64}
	EndGlobalSection
EndGlobal
